// !$*UTF8*$!
{
	archiveVersion = 1;
	classes = {
	};
	objectVersion = 46;
	objects = {

/* Begin PBXBuildFile section */
		E39826201B316AA7002D0A78 /* main.m in Sources */ = {isa = PBXBuildFile; fileRef = E398261F1B316AA7002D0A78 /* main.m */; };
		E39826231B316AA7002D0A78 /* AppDelegate.m in Sources */ = {isa = PBXBuildFile; fileRef = E39826221B316AA7002D0A78 /* AppDelegate.m */; };
		E39826261B316AA7002D0A78 /* ViewController.m in Sources */ = {isa = PBXBuildFile; fileRef = E39826251B316AA7002D0A78 /* ViewController.m */; };
		E39826291B316AA7002D0A78 /* Main.storyboard in Resources */ = {isa = PBXBuildFile; fileRef = E39826271B316AA7002D0A78 /* Main.storyboard */; };
		E398262B1B316AA7002D0A78 /* Images.xcassets in Resources */ = {isa = PBXBuildFile; fileRef = E398262A1B316AA7002D0A78 /* Images.xcassets */; };
		E398262E1B316AA7002D0A78 /* LaunchScreen.xib in Resources */ = {isa = PBXBuildFile; fileRef = E398262C1B316AA7002D0A78 /* LaunchScreen.xib */; };
		E39826391B316AA8002D0A78 /* LinkMainTests.m in Sources */ = {isa = PBXBuildFile; fileRef = E39826381B316AA8002D0A78 /* LinkMainTests.m */; };
/* End PBXBuildFile section */

/* Begin PBXContainerItemProxy section */
		E39826331B316AA8002D0A78 /* PBXContainerItemProxy */ = {
			isa = PBXContainerItemProxy;
			containerPortal = E39826121B316AA7002D0A78 /* Project object */;
			proxyType = 1;
			remoteGlobalIDString = E39826191B316AA7002D0A78;
			remoteInfo = LinkMain;
		};
/* End PBXContainerItemProxy section */

/* Begin PBXFileReference section */
		E398261A1B316AA7002D0A78 /* LinkMain.app */ = {isa = PBXFileReference; explicitFileType = wrapper.application; includeInIndex = 0; path = LinkMain.app; sourceTree = BUILT_PRODUCTS_DIR; };
		E398261E1B316AA7002D0A78 /* Info.plist */ = {isa = PBXFileReference; lastKnownFileType = text.plist.xml; path = Info.plist; sourceTree = "<group>"; };
		E398261F1B316AA7002D0A78 /* main.m */ = {isa = PBXFileReference; lastKnownFileType = sourcecode.c.objc; path = main.m; sourceTree = "<group>"; };
		E39826211B316AA7002D0A78 /* AppDelegate.h */ = {isa = PBXFileReference; lastKnownFileType = sourcecode.c.h; path = AppDelegate.h; sourceTree = "<group>"; };
		E39826221B316AA7002D0A78 /* AppDelegate.m */ = {isa = PBXFileReference; lastKnownFileType = sourcecode.c.objc; path = AppDelegate.m; sourceTree = "<group>"; };
		E39826241B316AA7002D0A78 /* ViewController.h */ = {isa = PBXFileReference; lastKnownFileType = sourcecode.c.h; path = ViewController.h; sourceTree = "<group>"; };
		E39826251B316AA7002D0A78 /* ViewController.m */ = {isa = PBXFileReference; lastKnownFileType = sourcecode.c.objc; path = ViewController.m; sourceTree = "<group>"; };
		E39826281B316AA7002D0A78 /* Base */ = {isa = PBXFileReference; lastKnownFileType = file.storyboard; name = Base; path = Base.lproj/Main.storyboard; sourceTree = "<group>"; };
		E398262A1B316AA7002D0A78 /* Images.xcassets */ = {isa = PBXFileReference; lastKnownFileType = folder.assetcatalog; path = Images.xcassets; sourceTree = "<group>"; };
		E398262D1B316AA7002D0A78 /* Base */ = {isa = PBXFileReference; lastKnownFileType = file.xib; name = Base; path = Base.lproj/LaunchScreen.xib; sourceTree = "<group>"; };
		E39826371B316AA8002D0A78 /* Info.plist */ = {isa = PBXFileReference; lastKnownFileType = text.plist.xml; path = Info.plist; sourceTree = "<group>"; };
		E39826381B316AA8002D0A78 /* LinkMainTests.m */ = {isa = PBXFileReference; lastKnownFileType = sourcecode.c.objc; path = LinkMainTests.m; sourceTree = "<group>"; };
/* End PBXFileReference section */

/* Begin PBXFrameworksBuildPhase section */
		E39826171B316AA7002D0A78 /* Frameworks */ = {
			isa = PBXFrameworksBuildPhase;
			buildActionMask = 2147483647;
			files = (
			);
			runOnlyForDeploymentPostprocessing = 0;
		};
		E39826301B316AA8002D0A78 /* Frameworks */ = {
			isa = PBXFrameworksBuildPhase;
			buildActionMask = 2147483647;
			files = (
			);
			runOnlyForDeploymentPostprocessing = 0;
		};
/* End PBXFrameworksBuildPhase section */

/* Begin PBXGroup section */
		E39826111B316AA7002D0A78 = {
			isa = PBXGroup;
			children = (
				E398261C1B316AA7002D0A78 /* LinkMain */,
				E39826351B316AA8002D0A78 /* LinkMainTests */,
				E398261B1B316AA7002D0A78 /* Products */,
			);
			sourceTree = "<group>";
		};
		E398261B1B316AA7002D0A78 /* Products */ = {
			isa = PBXGroup;
			children = (
				E398261A1B316AA7002D0A78 /* LinkMain.app */,
			);
			name = Products;
			sourceTree = "<group>";
		};
		E398261C1B316AA7002D0A78 /* LinkMain */ = {
			isa = PBXGroup;
			children = (
				E39826211B316AA7002D0A78 /* AppDelegate.h */,
				E39826221B316AA7002D0A78 /* AppDelegate.m */,
				E39826241B316AA7002D0A78 /* ViewController.h */,
				E39826251B316AA7002D0A78 /* ViewController.m */,
				E39826271B316AA7002D0A78 /* Main.storyboard */,
				E398262A1B316AA7002D0A78 /* Images.xcassets */,
				E398262C1B316AA7002D0A78 /* LaunchScreen.xib */,
				E398261D1B316AA7002D0A78 /* Supporting Files */,
			);
			path = LinkMain;
			sourceTree = "<group>";
		};
		E398261D1B316AA7002D0A78 /* Supporting Files */ = {
			isa = PBXGroup;
			children = (
				E398261E1B316AA7002D0A78 /* Info.plist */,
				E398261F1B316AA7002D0A78 /* main.m */,
			);
			name = "Supporting Files";
			sourceTree = "<group>";
		};
		E39826351B316AA8002D0A78 /* LinkMainTests */ = {
			isa = PBXGroup;
			children = (
				E39826381B316AA8002D0A78 /* LinkMainTests.m */,
				E39826361B316AA8002D0A78 /* Supporting Files */,
			);
			path = LinkMainTests;
			sourceTree = "<group>";
		};
		E39826361B316AA8002D0A78 /* Supporting Files */ = {
			isa = PBXGroup;
			children = (
				E39826371B316AA8002D0A78 /* Info.plist */,
			);
			name = "Supporting Files";
			sourceTree = "<group>";
		};
/* End PBXGroup section */

/* Begin PBXNativeTarget section */
		E39826191B316AA7002D0A78 /* LinkMain */ = {
			isa = PBXNativeTarget;
			buildConfigurationList = E398263C1B316AA8002D0A78 /* Build configuration list for PBXNativeTarget "LinkMain" */;
			buildPhases = (
				E39826161B316AA7002D0A78 /* Sources */,
				E39826171B316AA7002D0A78 /* Frameworks */,
				E39826181B316AA7002D0A78 /* Resources */,
			);
			buildRules = (
			);
			dependencies = (
			);
			name = LinkMain;
			productName = LinkMain;
			productReference = E398261A1B316AA7002D0A78 /* LinkMain.app */;
			productType = "com.apple.product-type.application";
		};
		E39826321B316AA8002D0A78 /* LinkMainTests */ = {
			isa = PBXNativeTarget;
			buildConfigurationList = E398263F1B316AA8002D0A78 /* Build configuration list for PBXNativeTarget "LinkMainTests" */;
			buildPhases = (
				E398262F1B316AA8002D0A78 /* Sources */,
				E39826301B316AA8002D0A78 /* Frameworks */,
				E39826311B316AA8002D0A78 /* Resources */,
			);
			buildRules = (
			);
			dependencies = (
				E39826341B316AA8002D0A78 /* PBXTargetDependency */,
			);
			name = LinkMainTests;
			productName = LinkMainTests;
			productType = "com.apple.product-type.bundle.unit-test";
		};
/* End PBXNativeTarget section */

/* Begin PBXProject section */
		E39826121B316AA7002D0A78 /* Project object */ = {
			isa = PBXProject;
			attributes = {
				LastUpgradeCheck = 0610;
				ORGANIZATIONNAME = "小伍";
				TargetAttributes = {
					E39826191B316AA7002D0A78 = {
						CreatedOnToolsVersion = 6.1.1;
					};
					E39826321B316AA8002D0A78 = {
						CreatedOnToolsVersion = 6.1.1;
						TestTargetID = E39826191B316AA7002D0A78;
					};
				};
			};
			buildConfigurationList = E39826151B316AA7002D0A78 /* Build configuration list for PBXProject "LinkMain" */;
			compatibilityVersion = "Xcode 3.2";
			developmentRegion = English;
			hasScannedForEncodings = 0;
			knownRegions = (
				en,
				Base,
			);
			mainGroup = E39826111B316AA7002D0A78;
			productRefGroup = E398261B1B316AA7002D0A78 /* Products */;
			projectDirPath = "";
			projectRoot = "";
			targets = (
				E39826191B316AA7002D0A78 /* LinkMain */,
				E39826321B316AA8002D0A78 /* LinkMainTests */,
			);
		};
/* End PBXProject section */

/* Begin PBXResourcesBuildPhase section */
		E39826181B316AA7002D0A78 /* Resources */ = {
			isa = PBXResourcesBuildPhase;
			buildActionMask = 2147483647;
			files = (
				E39826291B316AA7002D0A78 /* Main.storyboard in Resources */,
				E398262E1B316AA7002D0A78 /* LaunchScreen.xib in Resources */,
				E398262B1B316AA7002D0A78 /* Images.xcassets in Resources */,
			);
			runOnlyForDeploymentPostprocessing = 0;
		};
		E39826311B316AA8002D0A78 /* Resources */ = {
			isa = PBXResourcesBuildPhase;
			buildActionMask = 2147483647;
			files = (
			);
			runOnlyForDeploymentPostprocessing = 0;
		};
/* End PBXResourcesBuildPhase section */

/* Begin PBXSourcesBuildPhase section */
		E39826161B316AA7002D0A78 /* Sources */ = {
			isa = PBXSourcesBuildPhase;
			buildActionMask = 2147483647;
			files = (
				E39826261B316AA7002D0A78 /* ViewController.m in Sources */,
				E39826231B316AA7002D0A78 /* AppDelegate.m in Sources */,
				E39826201B316AA7002D0A78 /* main.m in Sources */,
			);
			runOnlyForDeploymentPostprocessing = 0;
		};
		E398262F1B316AA8002D0A78 /* Sources */ = {
			isa = PBXSourcesBuildPhase;
			buildActionMask = 2147483647;
			files = (
				E39826391B316AA8002D0A78 /* LinkMainTests.m in Sources */,
			);
			runOnlyForDeploymentPostprocessing = 0;
		};
/* End PBXSourcesBuildPhase section */

/* Begin PBXTargetDependency section */
		E39826341B316AA8002D0A78 /* PBXTargetDependency */ = {
			isa = PBXTargetDependency;
			target = E39826191B316AA7002D0A78 /* LinkMain */;
			targetProxy = E39826331B316AA8002D0A78 /* PBXContainerItemProxy */;
		};
/* End PBXTargetDependency section */

/* Begin PBXVariantGroup section */
		E39826271B316AA7002D0A78 /* Main.storyboard */ = {
			isa = PBXVariantGroup;
			children = (
				E39826281B316AA7002D0A78 /* Base */,
			);
			name = Main.storyboard;
			sourceTree = "<group>";
		};
		E398262C1B316AA7002D0A78 /* LaunchScreen.xib */ = {
			isa = PBXVariantGroup;
			children = (
				E398262D1B316AA7002D0A78 /* Base */,
			);
			name = LaunchScreen.xib;
			sourceTree = "<group>";
		};
/* End PBXVariantGroup section */

/* Begin XCBuildConfiguration section */
		E398263A1B316AA8002D0A78 /* Debug */ = {
			isa = XCBuildConfiguration;
			buildSettings = {
				ALWAYS_SEARCH_USER_PATHS = NO;
				CLANG_CXX_LANGUAGE_STANDARD = "gnu++0x";
				CLANG_CXX_LIBRARY = "libc++";
				CLANG_ENABLE_MODULES = YES;
				CLANG_ENABLE_OBJC_ARC = YES;
				CLANG_WARN_BOOL_CONVERSION = YES;
				CLANG_WARN_CONSTANT_CONVERSION = YES;
				CLANG_WARN_DIRECT_OBJC_ISA_USAGE = YES_ERROR;
				CLANG_WARN_EMPTY_BODY = YES;
				CLANG_WARN_ENUM_CONVERSION = YES;
				CLANG_WARN_INT_CONVERSION = YES;
				CLANG_WARN_OBJC_ROOT_CLASS = YES_ERROR;
				CLANG_WARN_UNREACHABLE_CODE = YES;
				CLANG_WARN__DUPLICATE_METHOD_MATCH = YES;
				"CODE_SIGN_IDENTITY[sdk=iphoneos*]" = "iPhone Developer";
				COPY_PHASE_STRIP = NO;
				ENABLE_STRICT_OBJC_MSGSEND = YES;
				GCC_C_LANGUAGE_STANDARD = gnu99;
				GCC_DYNAMIC_NO_PIC = NO;
				GCC_OPTIMIZATION_LEVEL = 0;
				GCC_PREPROCESSOR_DEFINITIONS = (
					"DEBUG=1",
					"$(inherited)",
				);
				GCC_SYMBOLS_PRIVATE_EXTERN = NO;
				GCC_WARN_64_TO_32_BIT_CONVERSION = YES;
				GCC_WARN_ABOUT_RETURN_TYPE = YES_ERROR;
				GCC_WARN_UNDECLARED_SELECTOR = YES;
				GCC_WARN_UNINITIALIZED_AUTOS = YES_AGGRESSIVE;
				GCC_WARN_UNUSED_FUNCTION = YES;
				GCC_WARN_UNUSED_VARIABLE = YES;
				IPHONEOS_DEPLOYMENT_TARGET = 8.1;
				MTL_ENABLE_DEBUG_INFO = YES;
				ONLY_ACTIVE_ARCH = YES;
				SDKROOT = iphoneos;
			};
			name = Debug;
		};
		E398263B1B316AA8002D0A78 /* Release */ = {
			isa = XCBuildConfiguration;
			buildSettings = {
				ALWAYS_SEARCH_USER_PATHS = NO;
				CLANG_CXX_LANGUAGE_STANDARD = "gnu++0x";
				CLANG_CXX_LIBRARY = "libc++";
				CLANG_ENABLE_MODULES = YES;
				CLANG_ENABLE_OBJC_ARC = YES;
				CLANG_WARN_BOOL_CONVERSION = YES;
				CLANG_WARN_CONSTANT_CONVERSION = YES;
				CLANG_WARN_DIRECT_OBJC_ISA_USAGE = YES_ERROR;
				CLANG_WARN_EMPTY_BODY = YES;
				CLANG_WARN_ENUM_CONVERSION = YES;
				CLANG_WARN_INT_CONVERSION = YES;
				CLANG_WARN_OBJC_ROOT_CLASS = YES_ERROR;
				CLANG_WARN_UNREACHABLE_CODE = YES;
				CLANG_WARN__DUPLICATE_METHOD_MATCH = YES;
				"CODE_SIGN_IDENTITY[sdk=iphoneos*]" = "iPhone Developer";
				COPY_PHASE_STRIP = YES;
				ENABLE_NS_ASSERTIONS = NO;
				ENABLE_STRICT_OBJC_MSGSEND = YES;
				GCC_C_LANGUAGE_STANDARD = gnu99;
				GCC_WARN_64_TO_32_BIT_CONVERSION = YES;
				GCC_WARN_ABOUT_RETURN_TYPE = YES_ERROR;
				GCC_WARN_UNDECLARED_SELECTOR = YES;
				GCC_WARN_UNINITIALIZED_AUTOS = YES_AGGRESSIVE;
				GCC_WARN_UNUSED_FUNCTION = YES;
				GCC_WARN_UNUSED_VARIABLE = YES;
				IPHONEOS_DEPLOYMENT_TARGET = 8.1;
				MTL_ENABLE_DEBUG_INFO = NO;
				SDKROOT = iphoneos;
				VALIDATE_PRODUCT = YES;
			};
			name = Release;
		};
		E398263D1B316AA8002D0A78 /* Debug */ = {
			isa = XCBuildConfiguration;
			buildSettings = {
				ASSETCATALOG_COMPILER_APPICON_NAME = AppIcon;
				CODE_SIGN_IDENTITY = "iPhone Developer";
				INFOPLIST_FILE = LinkMain/Info.plist;
				LD_RUNPATH_SEARCH_PATHS = "$(inherited) @executable_path/Frameworks";
				PRODUCT_NAME = "$(TARGET_NAME)";
			};
			name = Debug;
		};
		E398263E1B316AA8002D0A78 /* Release */ = {
			isa = XCBuildConfiguration;
			buildSettings = {
				ASSETCATALOG_COMPILER_APPICON_NAME = AppIcon;
				CODE_SIGN_IDENTITY = "iPhone Developer";
				INFOPLIST_FILE = LinkMain/Info.plist;
				LD_RUNPATH_SEARCH_PATHS = "$(inherited) @executable_path/Frameworks";
				PRODUCT_NAME = "$(TARGET_NAME)";
			};
			name = Release;
		};
		E39826401B316AA8002D0A78 /* Debug */ = {
			isa = XCBuildConfiguration;
			buildSettings = {
				BUNDLE_LOADER = "$(TEST_HOST)";
				FRAMEWORK_SEARCH_PATHS = (
					"$(SDKROOT)/Developer/Library/Frameworks",
					"$(inherited)",
				);
				GCC_PREPROCESSOR_DEFINITIONS = (
					"DEBUG=1",
					"$(inherited)",
				);
				INFOPLIST_FILE = LinkMainTests/Info.plist;
				LD_RUNPATH_SEARCH_PATHS = "$(inherited) @executable_path/Frameworks @loader_path/Frameworks";
				PRODUCT_NAME = "$(TARGET_NAME)";
				TEST_HOST = "$(BUILT_PRODUCTS_DIR)/LinkMain.app/LinkMain";
			};
			name = Debug;
		};
		E39826411B316AA8002D0A78 /* Release */ = {
			isa = XCBuildConfiguration;
			buildSettings = {
				BUNDLE_LOADER = "$(TEST_HOST)";
				FRAMEWORK_SEARCH_PATHS = (
					"$(SDKROOT)/Developer/Library/Frameworks",
					"$(inherited)",
				);
				INFOPLIST_FILE = LinkMainTests/Info.plist;
				LD_RUNPATH_SEARCH_PATHS = "$(inherited) @executable_path/Frameworks @loader_path/Frameworks";
				PRODUCT_NAME = "$(TARGET_NAME)";
				TEST_HOST = "$(BUILT_PRODUCTS_DIR)/LinkMain.app/LinkMain";
			};
			name = Release;
		};
/* End XCBuildConfiguration section */

/* Begin XCConfigurationList section */
		E39826151B316AA7002D0A78 /* Build configuration list for PBXProject "LinkMain" */ = {
			isa = XCConfigurationList;
			buildConfigurations = (
				E398263A1B316AA8002D0A78 /* Debug */,
				E398263B1B316AA8002D0A78 /* Release */,
			);
			defaultConfigurationIsVisible = 0;
			defaultConfigurationName = Release;
		};
		E398263C1B316AA8002D0A78 /* Build configuration list for PBXNativeTarget "LinkMain" */ = {
			isa = XCConfigurationList;
			buildConfigurations = (
				E398263D1B316AA8002D0A78 /* Debug */,
				E398263E1B316AA8002D0A78 /* Release */,
			);
			defaultConfigurationIsVisible = 0;
			defaultConfigurationName = Release;
		};
		E398263F1B316AA8002D0A78 /* Build configuration list for PBXNativeTarget "LinkMainTests" */ = {
			isa = XCConfigurationList;
			buildConfigurations = (
				E39826401B316AA8002D0A78 /* Debug */,
				E39826411B316AA8002D0A78 /* Release */,
			);
			defaultConfigurationIsVisible = 0;
			defaultConfigurationName = Release;
		};
/* End XCConfigurationList section */
	};
	rootObject = E39826121B316AA7002D0A78 /* Project object */;
}
